// !$*UTF8*$!
{
	archiveVersion = 1;
	classes = {
	};
	objectVersion = 46;
	objects = {

/* Begin PBXBuildFile section */
		19B3A020ADDC8EEF261DC1E0 /* AgoraRtcEngineKit.framework in Frameworks */ = {isa = PBXBuildFile; fileRef = 19B3A34EA9FC7162F86925EA /* AgoraRtcEngineKit.framework */; };
		19B3A203E26B16928037240B /* AgoraRtcCryptoLoader.framework in Frameworks */ = {isa = PBXBuildFile; fileRef = 19B3A23607BFA5D661FFFB08 /* AgoraRtcCryptoLoader.framework */; };
		19B3AB09B98425FA668F68CD /* libcrypto.a in Frameworks */ = {isa = PBXBuildFile; fileRef = 19B3AC0C100A980F8F243C41 /* libcrypto.a */; };
		4CCA096F1E9A26F200E3E2F1 /* AppDelegate.swift in Sources */ = {isa = PBXBuildFile; fileRef = 4CCA096E1E9A26F200E3E2F1 /* AppDelegate.swift */; };
		4CCA09711E9A26F200E3E2F1 /* InitViewController.swift in Sources */ = {isa = PBXBuildFile; fileRef = 4CCA09701E9A26F200E3E2F1 /* InitViewController.swift */; };
		4CCA09741E9A26F200E3E2F1 /* Main.storyboard in Resources */ = {isa = PBXBuildFile; fileRef = 4CCA09721E9A26F200E3E2F1 /* Main.storyboard */; };
		4CCA09761E9A26F200E3E2F1 /* Assets.xcassets in Resources */ = {isa = PBXBuildFile; fileRef = 4CCA09751E9A26F200E3E2F1 /* Assets.xcassets */; };
		4CCA09791E9A26F200E3E2F1 /* LaunchScreen.storyboard in Resources */ = {isa = PBXBuildFile; fileRef = 4CCA09771E9A26F200E3E2F1 /* LaunchScreen.storyboard */; };
		4CCA09841E9A26F200E3E2F1 /* agoraTests.swift in Sources */ = {isa = PBXBuildFile; fileRef = 4CCA09831E9A26F200E3E2F1 /* agoraTests.swift */; };
		4CCA098F1E9A26F200E3E2F1 /* agoraUITests.swift in Sources */ = {isa = PBXBuildFile; fileRef = 4CCA098E1E9A26F200E3E2F1 /* agoraUITests.swift */; };
		4CCA099D1E9A508F00E3E2F1 /* CoreTelephony.framework in Frameworks */ = {isa = PBXBuildFile; fileRef = 4CCA099C1E9A508F00E3E2F1 /* CoreTelephony.framework */; };
		4CCA099F1E9A50BD00E3E2F1 /* CoreMedia.framework in Frameworks */ = {isa = PBXBuildFile; fileRef = 4CCA099E1E9A50BD00E3E2F1 /* CoreMedia.framework */; };
		4CCA09A11E9A510900E3E2F1 /* VideoToolbox.framework in Frameworks */ = {isa = PBXBuildFile; fileRef = 4CCA09A01E9A510900E3E2F1 /* VideoToolbox.framework */; };
		4CCA09A31E9A511400E3E2F1 /* libc++.tbd in Frameworks */ = {isa = PBXBuildFile; fileRef = 4CCA09A21E9A511400E3E2F1 /* libc++.tbd */; };
		4CCA09A71E9A541800E3E2F1 /* MainViewController.swift in Sources */ = {isa = PBXBuildFile; fileRef = 4CCA09A61E9A541800E3E2F1 /* MainViewController.swift */; };
		4CCA09A91E9A551900E3E2F1 /* libresolv.9.tbd in Frameworks */ = {isa = PBXBuildFile; fileRef = 4CCA09A81E9A551900E3E2F1 /* libresolv.9.tbd */; };
		4CCA09AB1E9A552C00E3E2F1 /* AudioToolbox.framework in Frameworks */ = {isa = PBXBuildFile; fileRef = 4CCA09AA1E9A552C00E3E2F1 /* AudioToolbox.framework */; };
		4CCA09AD1E9A553A00E3E2F1 /* AVFoundation.framework in Frameworks */ = {isa = PBXBuildFile; fileRef = 4CCA09AC1E9A553A00E3E2F1 /* AVFoundation.framework */; };
		4CCA09AF1E9A5A6F00E3E2F1 /* AgoraSetting.swift in Sources */ = {isa = PBXBuildFile; fileRef = 4CCA09AE1E9A5A6F00E3E2F1 /* AgoraSetting.swift */; };
/* End PBXBuildFile section */

/* Begin PBXContainerItemProxy section */
		4CCA09801E9A26F200E3E2F1 /* PBXContainerItemProxy */ = {
			isa = PBXContainerItemProxy;
			containerPortal = 4CCA09631E9A26F200E3E2F1 /* Project object */;
			proxyType = 1;
			remoteGlobalIDString = 4CCA096A1E9A26F200E3E2F1;
			remoteInfo = agora;
		};
		4CCA098B1E9A26F200E3E2F1 /* PBXContainerItemProxy */ = {
			isa = PBXContainerItemProxy;
			containerPortal = 4CCA09631E9A26F200E3E2F1 /* Project object */;
			proxyType = 1;
			remoteGlobalIDString = 4CCA096A1E9A26F200E3E2F1;
			remoteInfo = agora;
		};
/* End PBXContainerItemProxy section */

/* Begin PBXFileReference section */
		19B3A23607BFA5D661FFFB08 /* AgoraRtcCryptoLoader.framework */ = {isa = PBXFileReference; lastKnownFileType = wrapper.framework; name = AgoraRtcCryptoLoader.framework; path = /Users/jjz/Documents/workspace/github/agora/agora/libs/AgoraRtcCryptoLoader.framework; sourceTree = "<absolute>"; };
		19B3A34EA9FC7162F86925EA /* AgoraRtcEngineKit.framework */ = {isa = PBXFileReference; lastKnownFileType = wrapper.framework; name = AgoraRtcEngineKit.framework; path = /Users/jjz/Documents/workspace/github/agora/agora/libs/AgoraRtcEngineKit.framework; sourceTree = "<absolute>"; };
		19B3AC0C100A980F8F243C41 /* libcrypto.a */ = {isa = PBXFileReference; lastKnownFileType = archive.ar; name = libcrypto.a; path = /Users/jjz/Documents/workspace/github/agora/agora/libs/libcrypto.a; sourceTree = "<absolute>"; };
		4CCA096B1E9A26F200E3E2F1 /* agora.app */ = {isa = PBXFileReference; explicitFileType = wrapper.application; includeInIndex = 0; path = agora.app; sourceTree = BUILT_PRODUCTS_DIR; };
		4CCA096E1E9A26F200E3E2F1 /* AppDelegate.swift */ = {isa = PBXFileReference; lastKnownFileType = sourcecode.swift; path = AppDelegate.swift; sourceTree = "<group>"; };
		4CCA09701E9A26F200E3E2F1 /* InitViewController.swift */ = {isa = PBXFileReference; lastKnownFileType = sourcecode.swift; path = InitViewController.swift; sourceTree = "<group>"; };
		4CCA09731E9A26F200E3E2F1 /* Base */ = {isa = PBXFileReference; lastKnownFileType = file.storyboard; name = Base; path = Base.lproj/Main.storyboard; sourceTree = "<group>"; };
		4CCA09751E9A26F200E3E2F1 /* Assets.xcassets */ = {isa = PBXFileReference; lastKnownFileType = folder.assetcatalog; path = Assets.xcassets; sourceTree = "<group>"; };
		4CCA09781E9A26F200E3E2F1 /* Base */ = {isa = PBXFileReference; lastKnownFileType = file.storyboard; name = Base; path = Base.lproj/LaunchScreen.storyboard; sourceTree = "<group>"; };
		4CCA097A1E9A26F200E3E2F1 /* Info.plist */ = {isa = PBXFileReference; lastKnownFileType = text.plist.xml; path = Info.plist; sourceTree = "<group>"; };
		4CCA097F1E9A26F200E3E2F1 /* agoraTests.xctest */ = {isa = PBXFileReference; explicitFileType = wrapper.cfbundle; includeInIndex = 0; path = agoraTests.xctest; sourceTree = BUILT_PRODUCTS_DIR; };
		4CCA09831E9A26F200E3E2F1 /* agoraTests.swift */ = {isa = PBXFileReference; lastKnownFileType = sourcecode.swift; path = agoraTests.swift; sourceTree = "<group>"; };
		4CCA09851E9A26F200E3E2F1 /* Info.plist */ = {isa = PBXFileReference; lastKnownFileType = text.plist.xml; path = Info.plist; sourceTree = "<group>"; };
		4CCA098A1E9A26F200E3E2F1 /* agoraUITests.xctest */ = {isa = PBXFileReference; explicitFileType = wrapper.cfbundle; includeInIndex = 0; path = agoraUITests.xctest; sourceTree = BUILT_PRODUCTS_DIR; };
		4CCA098E1E9A26F200E3E2F1 /* agoraUITests.swift */ = {isa = PBXFileReference; lastKnownFileType = sourcecode.swift; path = agoraUITests.swift; sourceTree = "<group>"; };
		4CCA09901E9A26F200E3E2F1 /* Info.plist */ = {isa = PBXFileReference; lastKnownFileType = text.plist.xml; path = Info.plist; sourceTree = "<group>"; };
		4CCA099C1E9A508F00E3E2F1 /* CoreTelephony.framework */ = {isa = PBXFileReference; lastKnownFileType = wrapper.framework; name = CoreTelephony.framework; path = System/Library/Frameworks/CoreTelephony.framework; sourceTree = SDKROOT; };
		4CCA099E1E9A50BD00E3E2F1 /* CoreMedia.framework */ = {isa = PBXFileReference; lastKnownFileType = wrapper.framework; name = CoreMedia.framework; path = System/Library/Frameworks/CoreMedia.framework; sourceTree = SDKROOT; };
		4CCA09A01E9A510900E3E2F1 /* VideoToolbox.framework */ = {isa = PBXFileReference; lastKnownFileType = wrapper.framework; name = VideoToolbox.framework; path = System/Library/Frameworks/VideoToolbox.framework; sourceTree = SDKROOT; };
		4CCA09A21E9A511400E3E2F1 /* libc++.tbd */ = {isa = PBXFileReference; lastKnownFileType = "sourcecode.text-based-dylib-definition"; name = "libc++.tbd"; path = "usr/lib/libc++.tbd"; sourceTree = SDKROOT; };
		4CCA09A61E9A541800E3E2F1 /* MainViewController.swift */ = {isa = PBXFileReference; fileEncoding = 4; lastKnownFileType = sourcecode.swift; path = MainViewController.swift; sourceTree = "<group>"; };
		4CCA09A81E9A551900E3E2F1 /* libresolv.9.tbd */ = {isa = PBXFileReference; lastKnownFileType = "sourcecode.text-based-dylib-definition"; name = libresolv.9.tbd; path = usr/lib/libresolv.9.tbd; sourceTree = SDKROOT; };
		4CCA09AA1E9A552C00E3E2F1 /* AudioToolbox.framework */ = {isa = PBXFileReference; lastKnownFileType = wrapper.framework; name = AudioToolbox.framework; path = System/Library/Frameworks/AudioToolbox.framework; sourceTree = SDKROOT; };
		4CCA09AC1E9A553A00E3E2F1 /* AVFoundation.framework */ = {isa = PBXFileReference; lastKnownFileType = wrapper.framework; name = AVFoundation.framework; path = System/Library/Frameworks/AVFoundation.framework; sourceTree = SDKROOT; };
		4CCA09AE1E9A5A6F00E3E2F1 /* AgoraSetting.swift */ = {isa = PBXFileReference; fileEncoding = 4; lastKnownFileType = sourcecode.swift; path = AgoraSetting.swift; sourceTree = "<group>"; };
		4CCA09B51E9A5F4900E3E2F1 /* agora-Bridging-Header.h */ = {isa = PBXFileReference; fileEncoding = 4; lastKnownFileType = sourcecode.c.h; path = "agora-Bridging-Header.h"; sourceTree = "<group>"; };
/* End PBXFileReference section */

/* Begin PBXFrameworksBuildPhase section */
		4CCA09681E9A26F200E3E2F1 /* Frameworks */ = {
			isa = PBXFrameworksBuildPhase;
			buildActionMask = 2147483647;
			files = (
				4CCA09AD1E9A553A00E3E2F1 /* AVFoundation.framework in Frameworks */,
				4CCA09AB1E9A552C00E3E2F1 /* AudioToolbox.framework in Frameworks */,
				4CCA09A91E9A551900E3E2F1 /* libresolv.9.tbd in Frameworks */,
				4CCA09A31E9A511400E3E2F1 /* libc++.tbd in Frameworks */,
				4CCA09A11E9A510900E3E2F1 /* VideoToolbox.framework in Frameworks */,
				4CCA099F1E9A50BD00E3E2F1 /* CoreMedia.framework in Frameworks */,
				4CCA099D1E9A508F00E3E2F1 /* CoreTelephony.framework in Frameworks */,
				19B3AB09B98425FA668F68CD /* libcrypto.a in Frameworks */,
				19B3A020ADDC8EEF261DC1E0 /* AgoraRtcEngineKit.framework in Frameworks */,
				19B3A203E26B16928037240B /* AgoraRtcCryptoLoader.framework in Frameworks */,
			);
			runOnlyForDeploymentPostprocessing = 0;
		};
		4CCA097C1E9A26F200E3E2F1 /* Frameworks */ = {
			isa = PBXFrameworksBuildPhase;
			buildActionMask = 2147483647;
			files = (
			);
			runOnlyForDeploymentPostprocessing = 0;
		};
		4CCA09871E9A26F200E3E2F1 /* Frameworks */ = {
			isa = PBXFrameworksBuildPhase;
			buildActionMask = 2147483647;
			files = (
			);
			runOnlyForDeploymentPostprocessing = 0;
		};
/* End PBXFrameworksBuildPhase section */

/* Begin PBXGroup section */
		19B3AB6A72488185405AC935 /* Frameworks */ = {
			isa = PBXGroup;
			children = (
				4CCA09AC1E9A553A00E3E2F1 /* AVFoundation.framework */,
				4CCA09AA1E9A552C00E3E2F1 /* AudioToolbox.framework */,
				4CCA09A81E9A551900E3E2F1 /* libresolv.9.tbd */,
				4CCA09A21E9A511400E3E2F1 /* libc++.tbd */,
				4CCA09A01E9A510900E3E2F1 /* VideoToolbox.framework */,
				4CCA099E1E9A50BD00E3E2F1 /* CoreMedia.framework */,
				4CCA099C1E9A508F00E3E2F1 /* CoreTelephony.framework */,
				19B3AC0C100A980F8F243C41 /* libcrypto.a */,
				19B3A34EA9FC7162F86925EA /* AgoraRtcEngineKit.framework */,
				19B3A23607BFA5D661FFFB08 /* AgoraRtcCryptoLoader.framework */,
			);
			name = Frameworks;
			sourceTree = "<group>";
		};
		4CCA09621E9A26F200E3E2F1 = {
			isa = PBXGroup;
			children = (
				4CCA096D1E9A26F200E3E2F1 /* agora */,
				4CCA09821E9A26F200E3E2F1 /* agoraTests */,
				4CCA098D1E9A26F200E3E2F1 /* agoraUITests */,
				4CCA096C1E9A26F200E3E2F1 /* Products */,
				19B3AB6A72488185405AC935 /* Frameworks */,
			);
			sourceTree = "<group>";
		};
		4CCA096C1E9A26F200E3E2F1 /* Products */ = {
			isa = PBXGroup;
			children = (
				4CCA096B1E9A26F200E3E2F1 /* agora.app */,
				4CCA097F1E9A26F200E3E2F1 /* agoraTests.xctest */,
				4CCA098A1E9A26F200E3E2F1 /* agoraUITests.xctest */,
			);
			name = Products;
			sourceTree = "<group>";
		};
		4CCA096D1E9A26F200E3E2F1 /* agora */ = {
			isa = PBXGroup;
			children = (
				4CCA09B51E9A5F4900E3E2F1 /* agora-Bridging-Header.h */,
				4CCA096E1E9A26F200E3E2F1 /* AppDelegate.swift */,
				4CCA09701E9A26F200E3E2F1 /* InitViewController.swift */,
				4CCA09721E9A26F200E3E2F1 /* Main.storyboard */,
				4CCA09751E9A26F200E3E2F1 /* Assets.xcassets */,
				4CCA09771E9A26F200E3E2F1 /* LaunchScreen.storyboard */,
				4CCA097A1E9A26F200E3E2F1 /* Info.plist */,
				4CCA09A61E9A541800E3E2F1 /* MainViewController.swift */,
				4CCA09AE1E9A5A6F00E3E2F1 /* AgoraSetting.swift */,
			);
			path = agora;
			sourceTree = "<group>";
		};
		4CCA09821E9A26F200E3E2F1 /* agoraTests */ = {
			isa = PBXGroup;
			children = (
				4CCA09831E9A26F200E3E2F1 /* agoraTests.swift */,
				4CCA09851E9A26F200E3E2F1 /* Info.plist */,
			);
			path = agoraTests;
			sourceTree = "<group>";
		};
		4CCA098D1E9A26F200E3E2F1 /* agoraUITests */ = {
			isa = PBXGroup;
			children = (
				4CCA098E1E9A26F200E3E2F1 /* agoraUITests.swift */,
				4CCA09901E9A26F200E3E2F1 /* Info.plist */,
			);
			path = agoraUITests;
			sourceTree = "<group>";
		};
/* End PBXGroup section */

/* Begin PBXNativeTarget section */
		4CCA096A1E9A26F200E3E2F1 /* agora */ = {
			isa = PBXNativeTarget;
			buildConfigurationList = 4CCA09931E9A26F200E3E2F1 /* Build configuration list for PBXNativeTarget "agora" */;
			buildPhases = (
				4CCA09671E9A26F200E3E2F1 /* Sources */,
				4CCA09681E9A26F200E3E2F1 /* Frameworks */,
				4CCA09691E9A26F200E3E2F1 /* Resources */,
			);
			buildRules = (
			);
			dependencies = (
			);
			name = agora;
			productName = agora;
			productReference = 4CCA096B1E9A26F200E3E2F1 /* agora.app */;
			productType = "com.apple.product-type.application";
		};
		4CCA097E1E9A26F200E3E2F1 /* agoraTests */ = {
			isa = PBXNativeTarget;
			buildConfigurationList = 4CCA09961E9A26F200E3E2F1 /* Build configuration list for PBXNativeTarget "agoraTests" */;
			buildPhases = (
				4CCA097B1E9A26F200E3E2F1 /* Sources */,
				4CCA097C1E9A26F200E3E2F1 /* Frameworks */,
				4CCA097D1E9A26F200E3E2F1 /* Resources */,
			);
			buildRules = (
			);
			dependencies = (
				4CCA09811E9A26F200E3E2F1 /* PBXTargetDependency */,
			);
			name = agoraTests;
			productName = agoraTests;
			productReference = 4CCA097F1E9A26F200E3E2F1 /* agoraTests.xctest */;
			productType = "com.apple.product-type.bundle.unit-test";
		};
		4CCA09891E9A26F200E3E2F1 /* agoraUITests */ = {
			isa = PBXNativeTarget;
			buildConfigurationList = 4CCA09991E9A26F200E3E2F1 /* Build configuration list for PBXNativeTarget "agoraUITests" */;
			buildPhases = (
				4CCA09861E9A26F200E3E2F1 /* Sources */,
				4CCA09871E9A26F200E3E2F1 /* Frameworks */,
				4CCA09881E9A26F200E3E2F1 /* Resources */,
			);
			buildRules = (
			);
			dependencies = (
				4CCA098C1E9A26F200E3E2F1 /* PBXTargetDependency */,
			);
			name = agoraUITests;
			productName = agoraUITests;
			productReference = 4CCA098A1E9A26F200E3E2F1 /* agoraUITests.xctest */;
			productType = "com.apple.product-type.bundle.ui-testing";
		};
/* End PBXNativeTarget section */

/* Begin PBXProject section */
		4CCA09631E9A26F200E3E2F1 /* Project object */ = {
			isa = PBXProject;
			attributes = {
				LastSwiftUpdateCheck = 0830;
				LastUpgradeCheck = 0830;
				ORGANIZATIONNAME = jjz;
				TargetAttributes = {
					4CCA096A1E9A26F200E3E2F1 = {
						CreatedOnToolsVersion = 8.3;
						DevelopmentTeam = 7FE47MNMC6;
						LastSwiftMigration = 0830;
						ProvisioningStyle = Automatic;
					};
					4CCA097E1E9A26F200E3E2F1 = {
						CreatedOnToolsVersion = 8.3;
						ProvisioningStyle = Automatic;
						TestTargetID = 4CCA096A1E9A26F200E3E2F1;
					};
					4CCA09891E9A26F200E3E2F1 = {
						CreatedOnToolsVersion = 8.3;
						ProvisioningStyle = Automatic;
						TestTargetID = 4CCA096A1E9A26F200E3E2F1;
					};
				};
			};
			buildConfigurationList = 4CCA09661E9A26F200E3E2F1 /* Build configuration list for PBXProject "agora" */;
			compatibilityVersion = "Xcode 3.2";
			developmentRegion = English;
			hasScannedForEncodings = 0;
			knownRegions = (
				en,
				Base,
			);
			mainGroup = 4CCA09621E9A26F200E3E2F1;
			productRefGroup = 4CCA096C1E9A26F200E3E2F1 /* Products */;
			projectDirPath = "";
			projectRoot = "";
			targets = (
				4CCA096A1E9A26F200E3E2F1 /* agora */,
				4CCA097E1E9A26F200E3E2F1 /* agoraTests */,
				4CCA09891E9A26F200E3E2F1 /* agoraUITests */,
			);
		};
/* End PBXProject section */

/* Begin PBXResourcesBuildPhase section */
		4CCA09691E9A26F200E3E2F1 /* Resources */ = {
			isa = PBXResourcesBuildPhase;
			buildActionMask = 2147483647;
			files = (
				4CCA09791E9A26F200E3E2F1 /* LaunchScreen.storyboard in Resources */,
				4CCA09761E9A26F200E3E2F1 /* Assets.xcassets in Resources */,
				4CCA09741E9A26F200E3E2F1 /* Main.storyboard in Resources */,
			);
			runOnlyForDeploymentPostprocessing = 0;
		};
		4CCA097D1E9A26F200E3E2F1 /* Resources */ = {
			isa = PBXResourcesBuildPhase;
			buildActionMask = 2147483647;
			files = (
			);
			runOnlyForDeploymentPostprocessing = 0;
		};
		4CCA09881E9A26F200E3E2F1 /* Resources */ = {
			isa = PBXResourcesBuildPhase;
			buildActionMask = 2147483647;
			files = (
			);
			runOnlyForDeploymentPostprocessing = 0;
		};
/* End PBXResourcesBuildPhase section */

/* Begin PBXSourcesBuildPhase section */
		4CCA09671E9A26F200E3E2F1 /* Sources */ = {
			isa = PBXSourcesBuildPhase;
			buildActionMask = 2147483647;
			files = (
				4CCA09A71E9A541800E3E2F1 /* MainViewController.swift in Sources */,
				4CCA09AF1E9A5A6F00E3E2F1 /* AgoraSetting.swift in Sources */,
				4CCA09711E9A26F200E3E2F1 /* InitViewController.swift in Sources */,
				4CCA096F1E9A26F200E3E2F1 /* AppDelegate.swift in Sources */,
			);
			runOnlyForDeploymentPostprocessing = 0;
		};
		4CCA097B1E9A26F200E3E2F1 /* Sources */ = {
			isa = PBXSourcesBuildPhase;
			buildActionMask = 2147483647;
			files = (
				4CCA09841E9A26F200E3E2F1 /* agoraTests.swift in Sources */,
			);
			runOnlyForDeploymentPostprocessing = 0;
		};
		4CCA09861E9A26F200E3E2F1 /* Sources */ = {
			isa = PBXSourcesBuildPhase;
			buildActionMask = 2147483647;
			files = (
				4CCA098F1E9A26F200E3E2F1 /* agoraUITests.swift in Sources */,
			);
			runOnlyForDeploymentPostprocessing = 0;
		};
/* End PBXSourcesBuildPhase section */

/* Begin PBXTargetDependency section */
		4CCA09811E9A26F200E3E2F1 /* PBXTargetDependency */ = {
			isa = PBXTargetDependency;
			target = 4CCA096A1E9A26F200E3E2F1 /* agora */;
			targetProxy = 4CCA09801E9A26F200E3E2F1 /* PBXContainerItemProxy */;
		};
		4CCA098C1E9A26F200E3E2F1 /* PBXTargetDependency */ = {
			isa = PBXTargetDependency;
			target = 4CCA096A1E9A26F200E3E2F1 /* agora */;
			targetProxy = 4CCA098B1E9A26F200E3E2F1 /* PBXContainerItemProxy */;
		};
/* End PBXTargetDependency section */

/* Begin PBXVariantGroup section */
		4CCA09721E9A26F200E3E2F1 /* Main.storyboard */ = {
			isa = PBXVariantGroup;
			children = (
				4CCA09731E9A26F200E3E2F1 /* Base */,
			);
			name = Main.storyboard;
			sourceTree = "<group>";
		};
		4CCA09771E9A26F200E3E2F1 /* LaunchScreen.storyboard */ = {
			isa = PBXVariantGroup;
			children = (
				4CCA09781E9A26F200E3E2F1 /* Base */,
			);
			name = LaunchScreen.storyboard;
			sourceTree = "<group>";
		};
/* End PBXVariantGroup section */

/* Begin XCBuildConfiguration section */
		4CCA09911E9A26F200E3E2F1 /* Debug */ = {
			isa = XCBuildConfiguration;
			buildSettings = {
				ALWAYS_SEARCH_USER_PATHS = NO;
				CLANG_ANALYZER_NONNULL = YES;
				CLANG_ANALYZER_NUMBER_OBJECT_CONVERSION = YES_AGGRESSIVE;
				CLANG_CXX_LANGUAGE_STANDARD = "gnu++0x";
				CLANG_CXX_LIBRARY = "libc++";
				CLANG_ENABLE_MODULES = YES;
				CLANG_ENABLE_OBJC_ARC = YES;
				CLANG_WARN_BOOL_CONVERSION = YES;
				CLANG_WARN_CONSTANT_CONVERSION = YES;
				CLANG_WARN_DIRECT_OBJC_ISA_USAGE = YES_ERROR;
				CLANG_WARN_DOCUMENTATION_COMMENTS = YES;
				CLANG_WARN_EMPTY_BODY = YES;
				CLANG_WARN_ENUM_CONVERSION = YES;
				CLANG_WARN_INFINITE_RECURSION = YES;
				CLANG_WARN_INT_CONVERSION = YES;
				CLANG_WARN_OBJC_ROOT_CLASS = YES_ERROR;
				CLANG_WARN_SUSPICIOUS_MOVE = YES;
				CLANG_WARN_UNREACHABLE_CODE = YES;
				CLANG_WARN__DUPLICATE_METHOD_MATCH = YES;
				"CODE_SIGN_IDENTITY[sdk=iphoneos*]" = "iPhone Developer";
				COPY_PHASE_STRIP = NO;
				DEBUG_INFORMATION_FORMAT = dwarf;
				ENABLE_STRICT_OBJC_MSGSEND = YES;
				ENABLE_TESTABILITY = YES;
				GCC_C_LANGUAGE_STANDARD = gnu99;
				GCC_DYNAMIC_NO_PIC = NO;
				GCC_NO_COMMON_BLOCKS = YES;
				GCC_OPTIMIZATION_LEVEL = 0;
				GCC_PREPROCESSOR_DEFINITIONS = (
					"DEBUG=1",
					"$(inherited)",
				);
				GCC_WARN_64_TO_32_BIT_CONVERSION = YES;
				GCC_WARN_ABOUT_RETURN_TYPE = YES_ERROR;
				GCC_WARN_UNDECLARED_SELECTOR = YES;
				GCC_WARN_UNINITIALIZED_AUTOS = YES_AGGRESSIVE;
				GCC_WARN_UNUSED_FUNCTION = YES;
				GCC_WARN_UNUSED_VARIABLE = YES;
				IPHONEOS_DEPLOYMENT_TARGET = 10.3;
				MTL_ENABLE_DEBUG_INFO = YES;
				ONLY_ACTIVE_ARCH = YES;
				SDKROOT = iphoneos;
				SWIFT_ACTIVE_COMPILATION_CONDITIONS = DEBUG;
				SWIFT_OPTIMIZATION_LEVEL = "-Onone";
			};
			name = Debug;
		};
		4CCA09921E9A26F200E3E2F1 /* Release */ = {
			isa = XCBuildConfiguration;
			buildSettings = {
				ALWAYS_SEARCH_USER_PATHS = NO;
				CLANG_ANALYZER_NONNULL = YES;
				CLANG_ANALYZER_NUMBER_OBJECT_CONVERSION = YES_AGGRESSIVE;
				CLANG_CXX_LANGUAGE_STANDARD = "gnu++0x";
				CLANG_CXX_LIBRARY = "libc++";
				CLANG_ENABLE_MODULES = YES;
				CLANG_ENABLE_OBJC_ARC = YES;
				CLANG_WARN_BOOL_CONVERSION = YES;
				CLANG_WARN_CONSTANT_CONVERSION = YES;
				CLANG_WARN_DIRECT_OBJC_ISA_USAGE = YES_ERROR;
				CLANG_WARN_DOCUMENTATION_COMMENTS = YES;
				CLANG_WARN_EMPTY_BODY = YES;
				CLANG_WARN_ENUM_CONVERSION = YES;
				CLANG_WARN_INFINITE_RECURSION = YES;
				CLANG_WARN_INT_CONVERSION = YES;
				CLANG_WARN_OBJC_ROOT_CLASS = YES_ERROR;
				CLANG_WARN_SUSPICIOUS_MOVE = YES;
				CLANG_WARN_UNREACHABLE_CODE = YES;
				CLANG_WARN__DUPLICATE_METHOD_MATCH = YES;
				"CODE_SIGN_IDENTITY[sdk=iphoneos*]" = "iPhone Developer";
				COPY_PHASE_STRIP = NO;
				DEBUG_INFORMATION_FORMAT = "dwarf-with-dsym";
				ENABLE_NS_ASSERTIONS = NO;
				ENABLE_STRICT_OBJC_MSGSEND = YES;
				GCC_C_LANGUAGE_STANDARD = gnu99;
				GCC_NO_COMMON_BLOCKS = YES;
				GCC_WARN_64_TO_32_BIT_CONVERSION = YES;
				GCC_WARN_ABOUT_RETURN_TYPE = YES_ERROR;
				GCC_WARN_UNDECLARED_SELECTOR = YES;
				GCC_WARN_UNINITIALIZED_AUTOS = YES_AGGRESSIVE;
				GCC_WARN_UNUSED_FUNCTION = YES;
				GCC_WARN_UNUSED_VARIABLE = YES;
				IPHONEOS_DEPLOYMENT_TARGET = 10.3;
				MTL_ENABLE_DEBUG_INFO = NO;
				SDKROOT = iphoneos;
				SWIFT_OPTIMIZATION_LEVEL = "-Owholemodule";
				VALIDATE_PRODUCT = YES;
			};
			name = Release;
		};
		4CCA09941E9A26F200E3E2F1 /* Debug */ = {
			isa = XCBuildConfiguration;
			buildSettings = {
				ASSETCATALOG_COMPILER_APPICON_NAME = AppIcon;
				CLANG_ENABLE_MODULES = YES;
				DEVELOPMENT_TEAM = 7FE47MNMC6;
				ENABLE_BITCODE = NO;
				FRAMEWORK_SEARCH_PATHS = (
					"\"${PROJECT_DIR}/agora/libs\"/**",
					"\"${PROJECT_DIR}/agora/libs\"/**",
					"\"${PROJECT_DIR}/agora/libs\"/**",
				);
				INFOPLIST_FILE = agora/Info.plist;
				LD_RUNPATH_SEARCH_PATHS = "$(inherited) @executable_path/Frameworks";
				LIBRARY_SEARCH_PATHS = "\"${PROJECT_DIR}/agora/libs\"";
				PRODUCT_BUNDLE_IDENTIFIER = "-12.agora";
				PRODUCT_NAME = "$(TARGET_NAME)";
				SWIFT_OBJC_BRIDGING_HEADER = "agora/agora-Bridging-Header.h";
				SWIFT_OPTIMIZATION_LEVEL = "-Onone";
				SWIFT_VERSION = 3.0;
			};
			name = Debug;
		};
		4CCA09951E9A26F200E3E2F1 /* Release */ = {
			isa = XCBuildConfiguration;
			buildSettings = {
				ASSETCATALOG_COMPILER_APPICON_NAME = AppIcon;
				CLANG_ENABLE_MODULES = YES;
				DEVELOPMENT_TEAM = 7FE47MNMC6;
				ENABLE_BITCODE = NO;
				FRAMEWORK_SEARCH_PATHS = (
					"\"${PROJECT_DIR}/agora/libs\"/**",
					"\"${PROJECT_DIR}/agora/libs\"/**",
					"\"${PROJECT_DIR}/agora/libs\"/**",
				);
				INFOPLIST_FILE = agora/Info.plist;
				LD_RUNPATH_SEARCH_PATHS = "$(inherited) @executable_path/Frameworks";
				LIBRARY_SEARCH_PATHS = "\"${PROJECT_DIR}/agora/libs\"";
				PRODUCT_BUNDLE_IDENTIFIER = "-12.agora";
				PRODUCT_NAME = "$(TARGET_NAME)";
				SWIFT_OBJC_BRIDGING_HEADER = "agora/agora-Bridging-Header.h";
				SWIFT_VERSION = 3.0;
			};
			name = Release;
		};
		4CCA09971E9A26F200E3E2F1 /* Debug */ = {
			isa = XCBuildConfiguration;
			buildSettings = {
				ALWAYS_EMBED_SWIFT_STANDARD_LIBRARIES = YES;
				BUNDLE_LOADER = "$(TEST_HOST)";
				INFOPLIST_FILE = agoraTests/Info.plist;
				LD_RUNPATH_SEARCH_PATHS = "$(inherited) @executable_path/Frameworks @loader_path/Frameworks";
				PRODUCT_BUNDLE_IDENTIFIER = "-12.agoraTests";
				PRODUCT_NAME = "$(TARGET_NAME)";
				SWIFT_VERSION = 3.0;
				TEST_HOST = "$(BUILT_PRODUCTS_DIR)/agora.app/agora";
			};
			name = Debug;
		};
		4CCA09981E9A26F200E3E2F1 /* Release */ = {
			isa = XCBuildConfiguration;
			buildSettings = {
				ALWAYS_EMBED_SWIFT_STANDARD_LIBRARIES = YES;
				BUNDLE_LOADER = "$(TEST_HOST)";
				INFOPLIST_FILE = agoraTests/Info.plist;
				LD_RUNPATH_SEARCH_PATHS = "$(inherited) @executable_path/Frameworks @loader_path/Frameworks";
				PRODUCT_BUNDLE_IDENTIFIER = "-12.agoraTests";
				PRODUCT_NAME = "$(TARGET_NAME)";
				SWIFT_VERSION = 3.0;
				TEST_HOST = "$(BUILT_PRODUCTS_DIR)/agora.app/agora";
			};
			name = Release;
		};
		4CCA099A1E9A26F200E3E2F1 /* Debug */ = {
			isa = XCBuildConfiguration;
			buildSettings = {
				ALWAYS_EMBED_SWIFT_STANDARD_LIBRARIES = YES;
				INFOPLIST_FILE = agoraUITests/Info.plist;
				LD_RUNPATH_SEARCH_PATHS = "$(inherited) @executable_path/Frameworks @loader_path/Frameworks";
				PRODUCT_BUNDLE_IDENTIFIER = "-12.agoraUITests";
				PRODUCT_NAME = "$(TARGET_NAME)";
				SWIFT_VERSION = 3.0;
				TEST_TARGET_NAME = agora;
			};
			name = Debug;
		};
		4CCA099B1E9A26F200E3E2F1 /* Release */ = {
			isa = XCBuildConfiguration;
			buildSettings = {
				ALWAYS_EMBED_SWIFT_STANDARD_LIBRARIES = YES;
				INFOPLIST_FILE = agoraUITests/Info.plist;
				LD_RUNPATH_SEARCH_PATHS = "$(inherited) @executable_path/Frameworks @loader_path/Frameworks";
				PRODUCT_BUNDLE_IDENTIFIER = "-12.agoraUITests";
				PRODUCT_NAME = "$(TARGET_NAME)";
				SWIFT_VERSION = 3.0;
				TEST_TARGET_NAME = agora;
			};
			name = Release;
		};
/* End XCBuildConfiguration section */

/* Begin XCConfigurationList section */
		4CCA09661E9A26F200E3E2F1 /* Build configuration list for PBXProject "agora" */ = {
			isa = XCConfigurationList;
			buildConfigurations = (
				4CCA09911E9A26F200E3E2F1 /* Debug */,
				4CCA09921E9A26F200E3E2F1 /* Release */,
			);
			defaultConfigurationIsVisible = 0;
			defaultConfigurationName = Release;
		};
		4CCA09931E9A26F200E3E2F1 /* Build configuration list for PBXNativeTarget "agora" */ = {
			isa = XCConfigurationList;
			buildConfigurations = (
				4CCA09941E9A26F200E3E2F1 /* Debug */,
				4CCA09951E9A26F200E3E2F1 /* Release */,
			);
			defaultConfigurationIsVisible = 0;
			defaultConfigurationName = Release;
		};
		4CCA09961E9A26F200E3E2F1 /* Build configuration list for PBXNativeTarget "agoraTests" */ = {
			isa = XCConfigurationList;
			buildConfigurations = (
				4CCA09971E9A26F200E3E2F1 /* Debug */,
				4CCA09981E9A26F200E3E2F1 /* Release */,
			);
			defaultConfigurationIsVisible = 0;
			defaultConfigurationName = Release;
		};
		4CCA09991E9A26F200E3E2F1 /* Build configuration list for PBXNativeTarget "agoraUITests" */ = {
			isa = XCConfigurationList;
			buildConfigurations = (
				4CCA099A1E9A26F200E3E2F1 /* Debug */,
				4CCA099B1E9A26F200E3E2F1 /* Release */,
			);
			defaultConfigurationIsVisible = 0;
			defaultConfigurationName = Release;
		};
/* End XCConfigurationList section */
	};
	rootObject = 4CCA09631E9A26F200E3E2F1 /* Project object */;
}
